
Microsoft Visual Studio Solution File, Format Version 12.00
# Visual Studio Version 16
VisualStudioVersion = 16.0.30011.22
MinimumVisualStudioVersion = 10.0.40219.1
Project("{8BC9CEB8-8B4A-11D0-8D11-00A0C91BC942}") = "2877", "test\test.vcxproj", "{523F4664-6B50-4BA1-A72F-7A7E8E19B8E5}"
EndProject
Project("{8BC9CEB8-8B4A-11D0-8D11-00A0C91BC942}") = "1074-0707", "1074-0707\1074-0707.vcxproj", "{C777F019-8F2D-47BA-AA1D-323E04D4EF62}"
EndProject
Project("{8BC9CEB8-8B4A-11D0-8D11-00A0C91BC942}") = "2615", "2615\2615.vcxproj", "{ABB2BDD6-D7DA-446A-8A38-1CD17E8B1439}"
EndProject
Project("{8BC9CEB8-8B4A-11D0-8D11-00A0C91BC942}") = "2447", "2447\2447.vcxproj", "{5EA9E587-5B15-4E5C-8341-5030CBAE0EAC}"
EndProject
Project("{8BC9CEB8-8B4A-11D0-8D11-00A0C91BC942}") = "1402_DIV2", "1402_DIV2\1402_DIV2.vcxproj", "{7F44C2AB-BE19-448C-93AB-F80BE966ED04}"
EndProject
Project("{8BC9CEB8-8B4A-11D0-8D11-00A0C91BC942}") = "11650_DIV2", "11650_DIV2\11650_DIV2.vcxproj", "{3CA3DB07-D872-499E-8248-8EC52E9EA9BA}"
EndProject
Project("{8BC9CEB8-8B4A-11D0-8D11-00A0C91BC942}") = "1992_쿼드트리", "1992_쿼드트리\1992_쿼드트리.vcxproj", "{80E77F2D-CAA7-489C-A20A-D5EF1CF2E485}"
EndProject
Project("{8BC9CEB8-8B4A-11D0-8D11-00A0C91BC942}") = "10844", "10844\10844.vcxproj", "{77C891A5-1229-4637-920A-0AF47CDDC598}"
EndProject
Project("{8BC9CEB8-8B4A-11D0-8D11-00A0C91BC942}") = "11660", "11600\11600.vcxproj", "{5EDE38C0-21F6-46CB-8323-2FD2C61C75F0}"
EndProject
Project("{8BC9CEB8-8B4A-11D0-8D11-00A0C91BC942}") = "1991", "1991\1991.vcxproj", "{2C17F03D-247A-4FF8-9CE2-70D98B09BEEB}"
EndProject
Project("{8BC9CEB8-8B4A-11D0-8D11-00A0C91BC942}") = "9519", "9519\9519.vcxproj", "{BEC1F85C-6A40-470D-8415-F62A2CAB3DEE}"
EndProject
Project("{8BC9CEB8-8B4A-11D0-8D11-00A0C91BC942}") = "1743_DFS_BFS", "1743_DFS_BFS\1743_DFS_BFS.vcxproj", "{0B129825-0649-4B56-B277-8684ECD18FF1}"
EndProject
Project("{8BC9CEB8-8B4A-11D0-8D11-00A0C91BC942}") = "1743_BFS", "1743_BFS\1743_BFS.vcxproj", "{C2BD58AC-8243-45E8-A50A-4672D542C596}"
EndProject
Project("{8BC9CEB8-8B4A-11D0-8D11-00A0C91BC942}") = "9663", "9663\9663.vcxproj", "{1CC172A2-D5F3-497D-AC33-D7A796756E0D}"
EndProject
Project("{8BC9CEB8-8B4A-11D0-8D11-00A0C91BC942}") = "1303", "1303\1303.vcxproj", "{6AEF0538-C3A8-43FF-99E5-1BBDF3CA7F8D}"
EndProject
Global
	GlobalSection(SolutionConfigurationPlatforms) = preSolution
		Debug|x64 = Debug|x64
		Debug|x86 = Debug|x86
		Release|x64 = Release|x64
		Release|x86 = Release|x86
	EndGlobalSection
	GlobalSection(ProjectConfigurationPlatforms) = postSolution
		{523F4664-6B50-4BA1-A72F-7A7E8E19B8E5}.Debug|x64.ActiveCfg = Debug|x64
		{523F4664-6B50-4BA1-A72F-7A7E8E19B8E5}.Debug|x64.Build.0 = Debug|x64
		{523F4664-6B50-4BA1-A72F-7A7E8E19B8E5}.Debug|x86.ActiveCfg = Debug|Win32
		{523F4664-6B50-4BA1-A72F-7A7E8E19B8E5}.Debug|x86.Build.0 = Debug|Win32
		{523F4664-6B50-4BA1-A72F-7A7E8E19B8E5}.Release|x64.ActiveCfg = Release|x64
		{523F4664-6B50-4BA1-A72F-7A7E8E19B8E5}.Release|x64.Build.0 = Release|x64
		{523F4664-6B50-4BA1-A72F-7A7E8E19B8E5}.Release|x86.ActiveCfg = Release|Win32
		{523F4664-6B50-4BA1-A72F-7A7E8E19B8E5}.Release|x86.Build.0 = Release|Win32
		{C777F019-8F2D-47BA-AA1D-323E04D4EF62}.Debug|x64.ActiveCfg = Debug|x64
		{C777F019-8F2D-47BA-AA1D-323E04D4EF62}.Debug|x64.Build.0 = Debug|x64
		{C777F019-8F2D-47BA-AA1D-323E04D4EF62}.Debug|x86.ActiveCfg = Debug|Win32
		{C777F019-8F2D-47BA-AA1D-323E04D4EF62}.Debug|x86.Build.0 = Debug|Win32
		{C777F019-8F2D-47BA-AA1D-323E04D4EF62}.Release|x64.ActiveCfg = Release|x64
		{C777F019-8F2D-47BA-AA1D-323E04D4EF62}.Release|x64.Build.0 = Release|x64
		{C777F019-8F2D-47BA-AA1D-323E04D4EF62}.Release|x86.ActiveCfg = Release|Win32
		{C777F019-8F2D-47BA-AA1D-323E04D4EF62}.Release|x86.Build.0 = Release|Win32
		{ABB2BDD6-D7DA-446A-8A38-1CD17E8B1439}.Debug|x64.ActiveCfg = Debug|x64
		{ABB2BDD6-D7DA-446A-8A38-1CD17E8B1439}.Debug|x64.Build.0 = Debug|x64
		{ABB2BDD6-D7DA-446A-8A38-1CD17E8B1439}.Debug|x86.ActiveCfg = Debug|Win32
		{ABB2BDD6-D7DA-446A-8A38-1CD17E8B1439}.Debug|x86.Build.0 = Debug|Win32
		{ABB2BDD6-D7DA-446A-8A38-1CD17E8B1439}.Release|x64.ActiveCfg = Release|x64
		{ABB2BDD6-D7DA-446A-8A38-1CD17E8B1439}.Release|x64.Build.0 = Release|x64
		{ABB2BDD6-D7DA-446A-8A38-1CD17E8B1439}.Release|x86.ActiveCfg = Release|Win32
		{ABB2BDD6-D7DA-446A-8A38-1CD17E8B1439}.Release|x86.Build.0 = Release|Win32
		{5EA9E587-5B15-4E5C-8341-5030CBAE0EAC}.Debug|x64.ActiveCfg = Debug|x64
		{5EA9E587-5B15-4E5C-8341-5030CBAE0EAC}.Debug|x64.Build.0 = Debug|x64
		{5EA9E587-5B15-4E5C-8341-5030CBAE0EAC}.Debug|x86.ActiveCfg = Debug|Win32
		{5EA9E587-5B15-4E5C-8341-5030CBAE0EAC}.Debug|x86.Build.0 = Debug|Win32
		{5EA9E587-5B15-4E5C-8341-5030CBAE0EAC}.Release|x64.ActiveCfg = Release|x64
		{5EA9E587-5B15-4E5C-8341-5030CBAE0EAC}.Release|x64.Build.0 = Release|x64
		{5EA9E587-5B15-4E5C-8341-5030CBAE0EAC}.Release|x86.ActiveCfg = Release|Win32
		{5EA9E587-5B15-4E5C-8341-5030CBAE0EAC}.Release|x86.Build.0 = Release|Win32
		{7F44C2AB-BE19-448C-93AB-F80BE966ED04}.Debug|x64.ActiveCfg = Debug|x64
		{7F44C2AB-BE19-448C-93AB-F80BE966ED04}.Debug|x64.Build.0 = Debug|x64
		{7F44C2AB-BE19-448C-93AB-F80BE966ED04}.Debug|x86.ActiveCfg = Debug|Win32
		{7F44C2AB-BE19-448C-93AB-F80BE966ED04}.Debug|x86.Build.0 = Debug|Win32
		{7F44C2AB-BE19-448C-93AB-F80BE966ED04}.Release|x64.ActiveCfg = Release|x64
		{7F44C2AB-BE19-448C-93AB-F80BE966ED04}.Release|x64.Build.0 = Release|x64
		{7F44C2AB-BE19-448C-93AB-F80BE966ED04}.Release|x86.ActiveCfg = Release|Win32
		{7F44C2AB-BE19-448C-93AB-F80BE966ED04}.Release|x86.Build.0 = Release|Win32
		{3CA3DB07-D872-499E-8248-8EC52E9EA9BA}.Debug|x64.ActiveCfg = Debug|x64
		{3CA3DB07-D872-499E-8248-8EC52E9EA9BA}.Debug|x64.Build.0 = Debug|x64
		{3CA3DB07-D872-499E-8248-8EC52E9EA9BA}.Debug|x86.ActiveCfg = Debug|Win32
		{3CA3DB07-D872-499E-8248-8EC52E9EA9BA}.Debug|x86.Build.0 = Debug|Win32
		{3CA3DB07-D872-499E-8248-8EC52E9EA9BA}.Release|x64.ActiveCfg = Release|x64
		{3CA3DB07-D872-499E-8248-8EC52E9EA9BA}.Release|x64.Build.0 = Release|x64
		{3CA3DB07-D872-499E-8248-8EC52E9EA9BA}.Release|x86.ActiveCfg = Release|Win32
		{3CA3DB07-D872-499E-8248-8EC52E9EA9BA}.Release|x86.Build.0 = Release|Win32
		{80E77F2D-CAA7-489C-A20A-D5EF1CF2E485}.Debug|x64.ActiveCfg = Debug|x64
		{80E77F2D-CAA7-489C-A20A-D5EF1CF2E485}.Debug|x64.Build.0 = Debug|x64
		{80E77F2D-CAA7-489C-A20A-D5EF1CF2E485}.Debug|x86.ActiveCfg = Debug|Win32
		{80E77F2D-CAA7-489C-A20A-D5EF1CF2E485}.Debug|x86.Build.0 = Debug|Win32
		{80E77F2D-CAA7-489C-A20A-D5EF1CF2E485}.Release|x64.ActiveCfg = Release|x64
		{80E77F2D-CAA7-489C-A20A-D5EF1CF2E485}.Release|x64.Build.0 = Release|x64
		{80E77F2D-CAA7-489C-A20A-D5EF1CF2E485}.Release|x86.ActiveCfg = Release|Win32
		{80E77F2D-CAA7-489C-A20A-D5EF1CF2E485}.Release|x86.Build.0 = Release|Win32
		{77C891A5-1229-4637-920A-0AF47CDDC598}.Debug|x64.ActiveCfg = Debug|x64
		{77C891A5-1229-4637-920A-0AF47CDDC598}.Debug|x64.Build.0 = Debug|x64
		{77C891A5-1229-4637-920A-0AF47CDDC598}.Debug|x86.ActiveCfg = Debug|Win32
		{77C891A5-1229-4637-920A-0AF47CDDC598}.Debug|x86.Build.0 = Debug|Win32
		{77C891A5-1229-4637-920A-0AF47CDDC598}.Release|x64.ActiveCfg = Release|x64
		{77C891A5-1229-4637-920A-0AF47CDDC598}.Release|x64.Build.0 = Release|x64
		{77C891A5-1229-4637-920A-0AF47CDDC598}.Release|x86.ActiveCfg = Release|Win32
		{77C891A5-1229-4637-920A-0AF47CDDC598}.Release|x86.Build.0 = Release|Win32
		{5EDE38C0-21F6-46CB-8323-2FD2C61C75F0}.Debug|x64.ActiveCfg = Debug|x64
		{5EDE38C0-21F6-46CB-8323-2FD2C61C75F0}.Debug|x64.Build.0 = Debug|x64
		{5EDE38C0-21F6-46CB-8323-2FD2C61C75F0}.Debug|x86.ActiveCfg = Debug|Win32
		{5EDE38C0-21F6-46CB-8323-2FD2C61C75F0}.Debug|x86.Build.0 = Debug|Win32
		{5EDE38C0-21F6-46CB-8323-2FD2C61C75F0}.Release|x64.ActiveCfg = Release|x64
		{5EDE38C0-21F6-46CB-8323-2FD2C61C75F0}.Release|x64.Build.0 = Release|x64
		{5EDE38C0-21F6-46CB-8323-2FD2C61C75F0}.Release|x86.ActiveCfg = Release|Win32
		{5EDE38C0-21F6-46CB-8323-2FD2C61C75F0}.Release|x86.Build.0 = Release|Win32
		{2C17F03D-247A-4FF8-9CE2-70D98B09BEEB}.Debug|x64.ActiveCfg = Debug|x64
		{2C17F03D-247A-4FF8-9CE2-70D98B09BEEB}.Debug|x64.Build.0 = Debug|x64
		{2C17F03D-247A-4FF8-9CE2-70D98B09BEEB}.Debug|x86.ActiveCfg = Debug|Win32
		{2C17F03D-247A-4FF8-9CE2-70D98B09BEEB}.Debug|x86.Build.0 = Debug|Win32
		{2C17F03D-247A-4FF8-9CE2-70D98B09BEEB}.Release|x64.ActiveCfg = Release|x64
		{2C17F03D-247A-4FF8-9CE2-70D98B09BEEB}.Release|x64.Build.0 = Release|x64
		{2C17F03D-247A-4FF8-9CE2-70D98B09BEEB}.Release|x86.ActiveCfg = Release|Win32
		{2C17F03D-247A-4FF8-9CE2-70D98B09BEEB}.Release|x86.Build.0 = Release|Win32
		{BEC1F85C-6A40-470D-8415-F62A2CAB3DEE}.Debug|x64.ActiveCfg = Debug|x64
		{BEC1F85C-6A40-470D-8415-F62A2CAB3DEE}.Debug|x64.Build.0 = Debug|x64
		{BEC1F85C-6A40-470D-8415-F62A2CAB3DEE}.Debug|x86.ActiveCfg = Debug|Win32
		{BEC1F85C-6A40-470D-8415-F62A2CAB3DEE}.Debug|x86.Build.0 = Debug|Win32
		{BEC1F85C-6A40-470D-8415-F62A2CAB3DEE}.Release|x64.ActiveCfg = Release|x64
		{BEC1F85C-6A40-470D-8415-F62A2CAB3DEE}.Release|x64.Build.0 = Release|x64
		{BEC1F85C-6A40-470D-8415-F62A2CAB3DEE}.Release|x86.ActiveCfg = Release|Win32
		{BEC1F85C-6A40-470D-8415-F62A2CAB3DEE}.Release|x86.Build.0 = Release|Win32
		{0B129825-0649-4B56-B277-8684ECD18FF1}.Debug|x64.ActiveCfg = Debug|x64
		{0B129825-0649-4B56-B277-8684ECD18FF1}.Debug|x64.Build.0 = Debug|x64
		{0B129825-0649-4B56-B277-8684ECD18FF1}.Debug|x86.ActiveCfg = Debug|Win32
		{0B129825-0649-4B56-B277-8684ECD18FF1}.Debug|x86.Build.0 = Debug|Win32
		{0B129825-0649-4B56-B277-8684ECD18FF1}.Release|x64.ActiveCfg = Release|x64
		{0B129825-0649-4B56-B277-8684ECD18FF1}.Release|x64.Build.0 = Release|x64
		{0B129825-0649-4B56-B277-8684ECD18FF1}.Release|x86.ActiveCfg = Release|Win32
		{0B129825-0649-4B56-B277-8684ECD18FF1}.Release|x86.Build.0 = Release|Win32
		{C2BD58AC-8243-45E8-A50A-4672D542C596}.Debug|x64.ActiveCfg = Debug|x64
		{C2BD58AC-8243-45E8-A50A-4672D542C596}.Debug|x64.Build.0 = Debug|x64
		{C2BD58AC-8243-45E8-A50A-4672D542C596}.Debug|x86.ActiveCfg = Debug|Win32
		{C2BD58AC-8243-45E8-A50A-4672D542C596}.Debug|x86.Build.0 = Debug|Win32
		{C2BD58AC-8243-45E8-A50A-4672D542C596}.Release|x64.ActiveCfg = Release|x64
		{C2BD58AC-8243-45E8-A50A-4672D542C596}.Release|x64.Build.0 = Release|x64
		{C2BD58AC-8243-45E8-A50A-4672D542C596}.Release|x86.ActiveCfg = Release|Win32
		{C2BD58AC-8243-45E8-A50A-4672D542C596}.Release|x86.Build.0 = Release|Win32
		{1CC172A2-D5F3-497D-AC33-D7A796756E0D}.Debug|x64.ActiveCfg = Debug|x64
		{1CC172A2-D5F3-497D-AC33-D7A796756E0D}.Debug|x64.Build.0 = Debug|x64
		{1CC172A2-D5F3-497D-AC33-D7A796756E0D}.Debug|x86.ActiveCfg = Debug|Win32
		{1CC172A2-D5F3-497D-AC33-D7A796756E0D}.Debug|x86.Build.0 = Debug|Win32
		{1CC172A2-D5F3-497D-AC33-D7A796756E0D}.Release|x64.ActiveCfg = Release|x64
		{1CC172A2-D5F3-497D-AC33-D7A796756E0D}.Release|x64.Build.0 = Release|x64
		{1CC172A2-D5F3-497D-AC33-D7A796756E0D}.Release|x86.ActiveCfg = Release|Win32
		{1CC172A2-D5F3-497D-AC33-D7A796756E0D}.Release|x86.Build.0 = Release|Win32
		{6AEF0538-C3A8-43FF-99E5-1BBDF3CA7F8D}.Debug|x64.ActiveCfg = Debug|x64
		{6AEF0538-C3A8-43FF-99E5-1BBDF3CA7F8D}.Debug|x64.Build.0 = Debug|x64
		{6AEF0538-C3A8-43FF-99E5-1BBDF3CA7F8D}.Debug|x86.ActiveCfg = Debug|Win32
		{6AEF0538-C3A8-43FF-99E5-1BBDF3CA7F8D}.Debug|x86.Build.0 = Debug|Win32
		{6AEF0538-C3A8-43FF-99E5-1BBDF3CA7F8D}.Release|x64.ActiveCfg = Release|x64
		{6AEF0538-C3A8-43FF-99E5-1BBDF3CA7F8D}.Release|x64.Build.0 = Release|x64
		{6AEF0538-C3A8-43FF-99E5-1BBDF3CA7F8D}.Release|x86.ActiveCfg = Release|Win32
		{6AEF0538-C3A8-43FF-99E5-1BBDF3CA7F8D}.Release|x86.Build.0 = Release|Win32
	EndGlobalSection
	GlobalSection(SolutionProperties) = preSolution
		HideSolutionNode = FALSE
	EndGlobalSection
	GlobalSection(ExtensibilityGlobals) = postSolution
		SolutionGuid = {7AF75CB3-1A66-47DD-9FCE-2AB4D43F5C08}
	EndGlobalSection
EndGlobal
